
Microsoft Visual Studio Solution File, Format Version 12.00
# Visual Studio 14
VisualStudioVersion = 14.0.25420.1
MinimumVisualStudioVersion = 10.0.40219.1
Project("{FAE04EC0-301F-11D3-BF4B-00C04F79EFBC}") = "Website.UI", "Website\Website.UI.csproj", "{244BD482-3665-424C-AEB2-840290B07172}"
EndProject
Project("{FAE04EC0-301F-11D3-BF4B-00C04F79EFBC}") = "Website.ContentAdmin", "Website.ContentAdmin\Website.ContentAdmin.csproj", "{348CA314-DA08-474E-A236-173F82236EE2}"
EndProject
Project("{FAE04EC0-301F-11D3-BF4B-00C04F79EFBC}") = "UmbracoServicesStandalone", "UmbracoServicesStandalone\UmbracoServicesStandalone.csproj", "{06B43B4C-844C-4094-876E-9F8423FCFBDC}"
EndProject
Project("{FAE04EC0-301F-11D3-BF4B-00C04F79EFBC}") = "Website.BL", "Website.BL\Website.BL.csproj", "{9D934CEA-CE52-424A-B6DD-39F72709F775}"
EndProject
Global
	GlobalSection(SolutionConfigurationPlatforms) = preSolution
		Debug|Any CPU = Debug|Any CPU
		Release|Any CPU = Release|Any CPU
	EndGlobalSection
	GlobalSection(ProjectConfigurationPlatforms) = postSolution
		{244BD482-3665-424C-AEB2-840290B07172}.Debug|Any CPU.ActiveCfg = Debug|Any CPU
		{244BD482-3665-424C-AEB2-840290B07172}.Debug|Any CPU.Build.0 = Debug|Any CPU
		{244BD482-3665-424C-AEB2-840290B07172}.Release|Any CPU.ActiveCfg = Release|Any CPU
		{244BD482-3665-424C-AEB2-840290B07172}.Release|Any CPU.Build.0 = Release|Any CPU
		{348CA314-DA08-474E-A236-173F82236EE2}.Debug|Any CPU.ActiveCfg = Debug|Any CPU
		{348CA314-DA08-474E-A236-173F82236EE2}.Debug|Any CPU.Build.0 = Debug|Any CPU
		{348CA314-DA08-474E-A236-173F82236EE2}.Release|Any CPU.ActiveCfg = Release|Any CPU
		{348CA314-DA08-474E-A236-173F82236EE2}.Release|Any CPU.Build.0 = Release|Any CPU
		{06B43B4C-844C-4094-876E-9F8423FCFBDC}.Debug|Any CPU.ActiveCfg = Debug|Any CPU
		{06B43B4C-844C-4094-876E-9F8423FCFBDC}.Debug|Any CPU.Build.0 = Debug|Any CPU
		{06B43B4C-844C-4094-876E-9F8423FCFBDC}.Release|Any CPU.ActiveCfg = Release|Any CPU
		{06B43B4C-844C-4094-876E-9F8423FCFBDC}.Release|Any CPU.Build.0 = Release|Any CPU
		{9D934CEA-CE52-424A-B6DD-39F72709F775}.Debug|Any CPU.ActiveCfg = Debug|Any CPU
		{9D934CEA-CE52-424A-B6DD-39F72709F775}.Debug|Any CPU.Build.0 = Debug|Any CPU
		{9D934CEA-CE52-424A-B6DD-39F72709F775}.Release|Any CPU.ActiveCfg = Release|Any CPU
		{9D934CEA-CE52-424A-B6DD-39F72709F775}.Release|Any CPU.Build.0 = Release|Any CPU
	EndGlobalSection
	GlobalSection(SolutionProperties) = preSolution
		HideSolutionNode = FALSE
	EndGlobalSection
EndGlobal
